
Microsoft Visual Studio Solution File, Format Version 12.00
# Visual Studio Version 17
VisualStudioVersion = 17.0.32014.148
MinimumVisualStudioVersion = 10.0.40219.1
Project("{FAE04EC0-301F-11D3-BF4B-00C04F79EFBC}") = "FinalCoursework", "FinalCoursework.csproj", "{CE2772B0-82EB-4839-B0EA-D186ABAB9C8C}"
EndProject
Global
	GlobalSection(SolutionConfigurationPlatforms) = preSolution
		Debug|Any CPU = Debug|Any CPU
		Release|Any CPU = Release|Any CPU
		test|Any CPU = test|Any CPU
	EndGlobalSection
	GlobalSection(ProjectConfigurationPlatforms) = postSolution
		{CE2772B0-82EB-4839-B0EA-D186ABAB9C8C}.Debug|Any CPU.ActiveCfg = Debug|Any CPU
		{CE2772B0-82EB-4839-B0EA-D186ABAB9C8C}.Debug|Any CPU.Build.0 = Debug|Any CPU
		{CE2772B0-82EB-4839-B0EA-D186ABAB9C8C}.Release|Any CPU.ActiveCfg = Release|Any CPU
		{CE2772B0-82EB-4839-B0EA-D186ABAB9C8C}.Release|Any CPU.Build.0 = Release|Any CPU
		{CE2772B0-82EB-4839-B0EA-D186ABAB9C8C}.test|Any CPU.ActiveCfg = test|Any CPU
		{CE2772B0-82EB-4839-B0EA-D186ABAB9C8C}.test|Any CPU.Build.0 = test|Any CPU
	EndGlobalSection
	GlobalSection(SolutionProperties) = preSolution
		HideSolutionNode = FALSE
	EndGlobalSection
	GlobalSection(ExtensibilityGlobals) = postSolution
		SolutionGuid = {44BDD945-4C6B-4EF0-B7C6-9B2C669DB07E}
	EndGlobalSection
EndGlobal
